
Microsoft Visual Studio Solution File, Format Version 12.00
# Visual Studio 14
VisualStudioVersion = 14.0.25420.1
MinimumVisualStudioVersion = 10.0.40219.1
Project("{FAE04EC0-301F-11D3-BF4B-00C04F79EFBC}") = "CampingRaceWindows", "CampingRaceWindows\CampingRaceWindows.csproj", "{BCB3021C-898B-472D-8F99-7C8EFA83960A}"
EndProject
Project("{FAE04EC0-301F-11D3-BF4B-00C04F79EFBC}") = "CampingRaceAndroid", "CampingRaceAndroid\CampingRaceAndroid.csproj", "{61CD2EA3-135A-406C-AE0B-8B20B5378C3F}"
EndProject
Project("{D954291E-2A0B-460D-934E-DC6B0785DB48}") = "CampingRaceGame", "CampingRaceGame\CampingRaceGame.shproj", "{A7507B37-E2F1-4D29-951B-C10C74F5205B}"
EndProject
Global
	GlobalSection(SharedMSBuildProjectFiles) = preSolution
		CampingRaceGame\CampingRaceGame.projitems*{61cd2ea3-135a-406c-ae0b-8b20b5378c3f}*SharedItemsImports = 4
		CampingRaceGame\CampingRaceGame.projitems*{a7507b37-e2f1-4d29-951b-c10c74f5205b}*SharedItemsImports = 13
		CampingRaceGame\CampingRaceGame.projitems*{bcb3021c-898b-472d-8f99-7c8efa83960a}*SharedItemsImports = 4
	EndGlobalSection
	GlobalSection(SolutionConfigurationPlatforms) = preSolution
		Debug|Any CPU = Debug|Any CPU
		Debug|x86 = Debug|x86
		Release|Any CPU = Release|Any CPU
		Release|x86 = Release|x86
	EndGlobalSection
	GlobalSection(ProjectConfigurationPlatforms) = postSolution
		{BCB3021C-898B-472D-8F99-7C8EFA83960A}.Debug|Any CPU.ActiveCfg = Debug|x86
		{BCB3021C-898B-472D-8F99-7C8EFA83960A}.Debug|x86.ActiveCfg = Debug|x86
		{BCB3021C-898B-472D-8F99-7C8EFA83960A}.Debug|x86.Build.0 = Debug|x86
		{BCB3021C-898B-472D-8F99-7C8EFA83960A}.Release|Any CPU.ActiveCfg = Release|x86
		{BCB3021C-898B-472D-8F99-7C8EFA83960A}.Release|x86.ActiveCfg = Release|x86
		{BCB3021C-898B-472D-8F99-7C8EFA83960A}.Release|x86.Build.0 = Release|x86
		{61CD2EA3-135A-406C-AE0B-8B20B5378C3F}.Debug|Any CPU.ActiveCfg = Debug|Any CPU
		{61CD2EA3-135A-406C-AE0B-8B20B5378C3F}.Debug|Any CPU.Build.0 = Debug|Any CPU
		{61CD2EA3-135A-406C-AE0B-8B20B5378C3F}.Debug|Any CPU.Deploy.0 = Debug|Any CPU
		{61CD2EA3-135A-406C-AE0B-8B20B5378C3F}.Debug|x86.ActiveCfg = Debug|Any CPU
		{61CD2EA3-135A-406C-AE0B-8B20B5378C3F}.Debug|x86.Build.0 = Debug|Any CPU
		{61CD2EA3-135A-406C-AE0B-8B20B5378C3F}.Debug|x86.Deploy.0 = Debug|Any CPU
		{61CD2EA3-135A-406C-AE0B-8B20B5378C3F}.Release|Any CPU.ActiveCfg = Release|Any CPU
		{61CD2EA3-135A-406C-AE0B-8B20B5378C3F}.Release|Any CPU.Build.0 = Release|Any CPU
		{61CD2EA3-135A-406C-AE0B-8B20B5378C3F}.Release|Any CPU.Deploy.0 = Release|Any CPU
		{61CD2EA3-135A-406C-AE0B-8B20B5378C3F}.Release|x86.ActiveCfg = Release|Any CPU
		{61CD2EA3-135A-406C-AE0B-8B20B5378C3F}.Release|x86.Build.0 = Release|Any CPU
		{61CD2EA3-135A-406C-AE0B-8B20B5378C3F}.Release|x86.Deploy.0 = Release|Any CPU
	EndGlobalSection
	GlobalSection(SolutionProperties) = preSolution
		HideSolutionNode = FALSE
	EndGlobalSection
EndGlobal
